
Microsoft Visual Studio Solution File, Format Version 12.00
# Visual Studio 2017
Project("{FAE04EC0-301F-11D3-BF4B-00C04F79EFBC}") = "BoxShooter-Unity-master", "BoxShooter-Unity-master.csproj", "{D343CBD1-87D5-CFF8-AD3F-A5BC351EE73C}"
EndProject
Project("{FAE04EC0-301F-11D3-BF4B-00C04F79EFBC}") = "BoxShooter-Unity-master.Plugins", "BoxShooter-Unity-master.Plugins.csproj", "{E07B7CB4-99B4-83C4-7686-DDC7E70D5B94}"
EndProject
Global
	GlobalSection(SolutionConfigurationPlatforms) = preSolution
		Debug|Any CPU = Debug|Any CPU
		Release|Any CPU = Release|Any CPU
	EndGlobalSection
	GlobalSection(ProjectConfigurationPlatforms) = postSolution
		{D343CBD1-87D5-CFF8-AD3F-A5BC351EE73C}.Debug|Any CPU.ActiveCfg = Debug|Any CPU
		{D343CBD1-87D5-CFF8-AD3F-A5BC351EE73C}.Debug|Any CPU.Build.0 = Debug|Any CPU
		{D343CBD1-87D5-CFF8-AD3F-A5BC351EE73C}.Release|Any CPU.ActiveCfg = Release|Any CPU
		{D343CBD1-87D5-CFF8-AD3F-A5BC351EE73C}.Release|Any CPU.Build.0 = Release|Any CPU
		{E07B7CB4-99B4-83C4-7686-DDC7E70D5B94}.Debug|Any CPU.ActiveCfg = Debug|Any CPU
		{E07B7CB4-99B4-83C4-7686-DDC7E70D5B94}.Debug|Any CPU.Build.0 = Debug|Any CPU
		{E07B7CB4-99B4-83C4-7686-DDC7E70D5B94}.Release|Any CPU.ActiveCfg = Release|Any CPU
		{E07B7CB4-99B4-83C4-7686-DDC7E70D5B94}.Release|Any CPU.Build.0 = Release|Any CPU
	EndGlobalSection
	GlobalSection(SolutionProperties) = preSolution
		HideSolutionNode = FALSE
	EndGlobalSection
EndGlobal
